<?xml version="1.0" encoding="utf-8"?>
<Project ToolsVersion="4.0" xmlns="http://schemas.microsoft.com/developer/msbuild/2003">
  <ItemGroup>
    <Filter Include="Source Files">
      <UniqueIdentifier>{4FC737F1-C7A5-4376-A066-2A32D752A2FF}</UniqueIdentifier>
      <Extensions>cpp;c;cc;cxx;c++;cppm;ixx;def;odl;idl;hpj;bat;asm;asmx</Extensions>
    </Filter>
    <Filter Include="Header Files">
      <UniqueIdentifier>{93995380-89BD-4b04-88EB-625FBE52EBFB}</UniqueIdentifier>
      <Extensions>h;hh;hpp;hxx;h++;hm;inl;inc;ipp;xsd</Extensions>
    </Filter>
    <Filter Include="Resource Files">
      <UniqueIdentifier>{67DA6AB6-F800-4c08-8B7A-83BB121AAD01}</UniqueIdentifier>
      <Extensions>rc;ico;cur;bmp;dlg;rc2;rct;bin;rgs;gif;jpg;jpeg;jpe;resx;tiff;tif;png;wav;mfcribbon-ms</Extensions>
    </Filter>
  </ItemGroup>
  <ItemGroup>
    <ClCompile Include="src\main.cpp">
      <Filter>Source Files</Filter>
    </ClCompile>
    <ClCompile Include="src\main_ui.cpp">
      <Filter>Source Files</Filter>
    </ClCompile>
    <ClCompile Include="lib\imgui-docking\imgui\imgui.cpp">
      <Filter>Source Files</Filter>
    </ClCompile>
    <ClCompile Include="lib\imgui-docking\imgui\imgui_demo.cpp">
      <Filter>Source Files</Filter>
    </ClCompile>
    <ClCompile Include="lib\imgui-docking\imgui\imgui_draw.cpp">
      <Filter>Source Files</Filter>
    </ClCompile>
    <ClCompile Include="lib\imgui-docking\imgui\imgui_tables.cpp">
      <Filter>Source Files</Filter>
    </ClCompile>
    <ClCompile Include="lib\imgui-docking\imgui\imgui_widgets.cpp">
      <Filter>Source Files</Filter>
    </ClCompile>
    <ClCompile Include="lib\imgui-docking\backends\imgui_impl_glfw.cpp">
      <Filter>Source Files</Filter>
    </ClCompile>
    <ClCompile Include="lib\imgui-docking\backends\imgui_impl_opengl3.cpp">
      <Filter>Source Files</Filter>
    </ClCompile>
    <ClCompile Include="src\vendor\stb_image.cpp">
      <Filter>Source Files</Filter>
    </ClCompile>
    <ClCompile Include="src\widgets\widget_game_field.cpp">
      <Filter>Source Files</Filter>
    </ClCompile>
    <ClCompile Include="src\widgets\widget_network_tables.cpp">
      <Filter>Source Files</Filter>
    </ClCompile>
    <ClCompile Include="src\widgets\widget_alerts.cpp">
      <Filter>Source Files</Filter>
    </ClCompile>
    <ClCompile Include="src\vendor\zorua\textures.cpp">
      <Filter>Source Files</Filter>
    </ClCompile>
    <ClCompile Include="src\fs.cpp">
      <Filter>Source Files</Filter>
    </ClCompile>
    <ClCompile Include="src\imgui\imrotate.cpp">
      <Filter>Source Files</Filter>
    </ClCompile>
    <ClCompile Include="src\imgui\imvec2.cpp">
      <Filter>Source Files</Filter>
    </ClCompile>
  </ItemGroup>
  <ItemGroup>
    <ClInclude Include="src\main_ui.h">
      <Filter>Header Files</Filter>
    </ClInclude>
    <ClInclude Include="lib\imgui-docking\imgui\imconfig.h">
      <Filter>Header Files</Filter>
    </ClInclude>
    <ClInclude Include="lib\imgui-docking\imgui\imgui.h">
      <Filter>Header Files</Filter>
    </ClInclude>
    <ClInclude Include="lib\imgui-docking\imgui\imgui_internal.h">
      <Filter>Header Files</Filter>
    </ClInclude>
    <ClInclude Include="lib\imgui-docking\imgui\imstb_rectpack.h">
      <Filter>Header Files</Filter>
    </ClInclude>
    <ClInclude Include="lib\imgui-docking\imgui\imstb_textedit.h">
      <Filter>Header Files</Filter>
    </ClInclude>
    <ClInclude Include="lib\imgui-docking\imgui\imstb_truetype.h">
      <Filter>Header Files</Filter>
    </ClInclude>
    <ClInclude Include="lib\rapidjson\include\rapidjson\error\en.h">
      <Filter>Header Files</Filter>
    </ClInclude>
    <ClInclude Include="lib\rapidjson\include\rapidjson\error\error.h">
      <Filter>Header Files</Filter>
    </ClInclude>
    <ClInclude Include="lib\rapidjson\include\rapidjson\internal\biginteger.h">
      <Filter>Header Files</Filter>
    </ClInclude>
    <ClInclude Include="lib\rapidjson\include\rapidjson\internal\diyfp.h">
      <Filter>Header Files</Filter>
    </ClInclude>
    <ClInclude Include="lib\rapidjson\include\rapidjson\internal\dtoa.h">
      <Filter>Header Files</Filter>
    </ClInclude>
    <ClInclude Include="lib\rapidjson\include\rapidjson\internal\ieee754.h">
      <Filter>Header Files</Filter>
    </ClInclude>
    <ClInclude Include="lib\rapidjson\include\rapidjson\internal\itoa.h">
      <Filter>Header Files</Filter>
    </ClInclude>
    <ClInclude Include="lib\rapidjson\include\rapidjson\internal\meta.h">
      <Filter>Header Files</Filter>
    </ClInclude>
    <ClInclude Include="lib\rapidjson\include\rapidjson\internal\pow10.h">
      <Filter>Header Files</Filter>
    </ClInclude>
    <ClInclude Include="lib\rapidjson\include\rapidjson\internal\regex.h">
      <Filter>Header Files</Filter>
    </ClInclude>
    <ClInclude Include="lib\rapidjson\include\rapidjson\internal\stack.h">
      <Filter>Header Files</Filter>
    </ClInclude>
    <ClInclude Include="lib\rapidjson\include\rapidjson\internal\strfunc.h">
      <Filter>Header Files</Filter>
    </ClInclude>
    <ClInclude Include="lib\rapidjson\include\rapidjson\internal\strtod.h">
      <Filter>Header Files</Filter>
    </ClInclude>
    <ClInclude Include="lib\rapidjson\include\rapidjson\internal\swap.h">
      <Filter>Header Files</Filter>
    </ClInclude>
    <ClInclude Include="lib\rapidjson\include\rapidjson\msinttypes\inttypes.h">
      <Filter>Header Files</Filter>
    </ClInclude>
    <ClInclude Include="lib\rapidjson\include\rapidjson\msinttypes\stdint.h">
      <Filter>Header Files</Filter>
    </ClInclude>
    <ClInclude Include="lib\rapidjson\include\rapidjson\allocators.h">
      <Filter>Header Files</Filter>
    </ClInclude>
    <ClInclude Include="lib\rapidjson\include\rapidjson\document.h">
      <Filter>Header Files</Filter>
    </ClInclude>
    <ClInclude Include="lib\rapidjson\include\rapidjson\encodedstream.h">
      <Filter>Header Files</Filter>
    </ClInclude>
    <ClInclude Include="lib\rapidjson\include\rapidjson\encodings.h">
      <Filter>Header Files</Filter>
    </ClInclude>
    <ClInclude Include="lib\rapidjson\include\rapidjson\filereadstream.h">
      <Filter>Header Files</Filter>
    </ClInclude>
    <ClInclude Include="lib\rapidjson\include\rapidjson\filewritestream.h">
      <Filter>Header Files</Filter>
    </ClInclude>
    <ClInclude Include="lib\rapidjson\include\rapidjson\fwd.h">
      <Filter>Header Files</Filter>
    </ClInclude>
    <ClInclude Include="lib\rapidjson\include\rapidjson\istreamwrapper.h">
      <Filter>Header Files</Filter>
    </ClInclude>
    <ClInclude Include="lib\rapidjson\include\rapidjson\memorybuffer.h">
      <Filter>Header Files</Filter>
    </ClInclude>
    <ClInclude Include="lib\rapidjson\include\rapidjson\memorystream.h">
      <Filter>Header Files</Filter>
    </ClInclude>
    <ClInclude Include="lib\rapidjson\include\rapidjson\ostreamwrapper.h">
      <Filter>Header Files</Filter>
    </ClInclude>
    <ClInclude Include="lib\rapidjson\include\rapidjson\pointer.h">
      <Filter>Header Files</Filter>
    </ClInclude>
    <ClInclude Include="lib\rapidjson\include\rapidjson\prettywriter.h">
      <Filter>Header Files</Filter>
    </ClInclude>
    <ClInclude Include="lib\rapidjson\include\rapidjson\rapidjson.h">
      <Filter>Header Files</Filter>
    </ClInclude>
    <ClInclude Include="lib\rapidjson\include\rapidjson\reader.h">
      <Filter>Header Files</Filter>
    </ClInclude>
    <ClInclude Include="lib\rapidjson\include\rapidjson\schema.h">
      <Filter>Header Files</Filter>
    </ClInclude>
    <ClInclude Include="lib\rapidjson\include\rapidjson\stream.h">
      <Filter>Header Files</Filter>
    </ClInclude>
    <ClInclude Include="lib\rapidjson\include\rapidjson\stringbuffer.h">
      <Filter>Header Files</Filter>
    </ClInclude>
    <ClInclude Include="lib\rapidjson\include\rapidjson\writer.h">
      <Filter>Header Files</Filter>
    </ClInclude>
    <ClInclude Include="lib\imgui-docking\backends\imgui_impl_glfw.h">
      <Filter>Header Files</Filter>
    </ClInclude>
    <ClInclude Include="lib\imgui-docking\backends\imgui_impl_opengl3.h">
      <Filter>Header Files</Filter>
    </ClInclude>
    <ClInclude Include="lib\imgui-docking\backends\imgui_impl_opengl3_loader.h">
      <Filter>Header Files</Filter>
    </ClInclude>
    <ClInclude Include="src\vendor\stb_image.h">
      <Filter>Header Files</Filter>
    </ClInclude>
    <ClInclude Include="src\widgets.h">
      <Filter>Header Files</Filter>
    </ClInclude>
    <ClInclude Include="src\nerds\alert.h">
      <Filter>Header Files</Filter>
    </ClInclude>
    <ClInclude Include="src\nerds\settings.h">
      <Filter>Header Files</Filter>
    </ClInclude>
    <ClInclude Include="src\vendor\zorua\textures.h">
      <Filter>Header Files</Filter>
    </ClInclude>
    <ClInclude Include="src\nerds\game_field.h">
      <Filter>Header Files</Filter>
    </ClInclude>
    <ClInclude Include="src\fs.h">
      <Filter>Header Files</Filter>
    </ClInclude>
    <ClInclude Include="src\imgui\imrotate.h">
      <Filter>Header Files</Filter>
    </ClInclude>
    <ClInclude Include="src\imgui\imvec2.h">
      <Filter>Header Files</Filter>
    </ClInclude>
    <ClInclude Include="src\nerds\april_tag.h">
      <Filter>Header Files</Filter>
    </ClInclude>
    <ClInclude Include="src\nerds\colliders.h">
      <Filter>Header Files</Filter>
    </ClInclude>
    <ClInclude Include="src\nerds\pose.h">
      <Filter>Header Files</Filter>
    </ClInclude>
    <ClInclude Include="src\nerds\robot.h">
      <Filter>Header Files</Filter>
    </ClInclude>
    <ClInclude Include="lib\ntcore\networktables\BooleanArrayTopic.h">
      <Filter>Header Files</Filter>
    </ClInclude>
    <ClInclude Include="lib\ntcore\networktables\BooleanTopic.h">
      <Filter>Header Files</Filter>
    </ClInclude>
    <ClInclude Include="lib\ntcore\networktables\DoubleArrayTopic.h">
      <Filter>Header Files</Filter>
    </ClInclude>
    <ClInclude Include="lib\ntcore\networktables\DoubleTopic.h">
      <Filter>Header Files</Filter>
    </ClInclude>
    <ClInclude Include="lib\ntcore\networktables\FloatArrayTopic.h">
      <Filter>Header Files</Filter>
    </ClInclude>
    <ClInclude Include="lib\ntcore\networktables\FloatTopic.h">
      <Filter>Header Files</Filter>
    </ClInclude>
    <ClInclude Include="lib\ntcore\networktables\GenericEntry.h">
      <Filter>Header Files</Filter>
    </ClInclude>
    <ClInclude Include="lib\ntcore\networktables\IntegerArrayTopic.h">
      <Filter>Header Files</Filter>
    </ClInclude>
    <ClInclude Include="lib\ntcore\networktables\IntegerTopic.h">
      <Filter>Header Files</Filter>
    </ClInclude>
    <ClInclude Include="lib\ntcore\networktables\MultiSubscriber.h">
      <Filter>Header Files</Filter>
    </ClInclude>
    <ClInclude Include="lib\ntcore\networktables\NetworkTable.h">
      <Filter>Header Files</Filter>
    </ClInclude>
    <ClInclude Include="lib\ntcore\networktables\NetworkTableEntry.h">
      <Filter>Header Files</Filter>
    </ClInclude>
    <ClInclude Include="lib\ntcore\networktables\NetworkTableInstance.h">
      <Filter>Header Files</Filter>
    </ClInclude>
    <ClInclude Include="lib\ntcore\networktables\NetworkTableListener.h">
      <Filter>Header Files</Filter>
    </ClInclude>
    <ClInclude Include="lib\ntcore\networktables\NetworkTableType.h">
      <Filter>Header Files</Filter>
    </ClInclude>
    <ClInclude Include="lib\ntcore\networktables\NetworkTableValue.h">
      <Filter>Header Files</Filter>
    </ClInclude>
    <ClInclude Include="lib\ntcore\networktables\NTSendable.h">
      <Filter>Header Files</Filter>
    </ClInclude>
    <ClInclude Include="lib\ntcore\networktables\NTSendableBuilder.h">
      <Filter>Header Files</Filter>
    </ClInclude>
    <ClInclude Include="lib\ntcore\networktables\ProtobufTopic.h">
      <Filter>Header Files</Filter>
    </ClInclude>
    <ClInclude Include="lib\ntcore\networktables\RawTopic.h">
      <Filter>Header Files</Filter>
    </ClInclude>
    <ClInclude Include="lib\ntcore\networktables\StringArrayTopic.h">
      <Filter>Header Files</Filter>
    </ClInclude>
    <ClInclude Include="lib\ntcore\networktables\StringTopic.h">
      <Filter>Header Files</Filter>
    </ClInclude>
    <ClInclude Include="lib\ntcore\networktables\StructArrayTopic.h">
      <Filter>Header Files</Filter>
    </ClInclude>
    <ClInclude Include="lib\ntcore\networktables\StructTopic.h">
      <Filter>Header Files</Filter>
    </ClInclude>
    <ClInclude Include="lib\ntcore\networktables\Topic.h">
      <Filter>Header Files</Filter>
    </ClInclude>
    <ClInclude Include="lib\ntcore\networktables\UnitTopic.h">
      <Filter>Header Files</Filter>
    </ClInclude>
    <ClInclude Include="lib\ntcore\ntcore.h">
      <Filter>Header Files</Filter>
    </ClInclude>
    <ClInclude Include="lib\ntcore\ntcore_c.h">
      <Filter>Header Files</Filter>
    </ClInclude>
    <ClInclude Include="lib\ntcore\ntcore_c_types.h">
      <Filter>Header Files</Filter>
    </ClInclude>
    <ClInclude Include="lib\ntcore\ntcore_cpp.h">
      <Filter>Header Files</Filter>
    </ClInclude>
    <ClInclude Include="lib\ntcore\ntcore_cpp_types.h">
      <Filter>Header Files</Filter>
    </ClInclude>
    <ClInclude Include="lib\ntcore\ntcore_test.h">
      <Filter>Header Files</Filter>
    </ClInclude>
    <ClInclude Include="lib\wpinet\uv\bsd.h">
      <Filter>Header Files</Filter>
    </ClInclude>
    <ClInclude Include="lib\wpinet\uv\darwin.h">
      <Filter>Header Files</Filter>
    </ClInclude>
    <ClInclude Include="lib\wpinet\uv\errno.h">
      <Filter>Header Files</Filter>
    </ClInclude>
    <ClInclude Include="lib\wpinet\uv\linux.h">
      <Filter>Header Files</Filter>
    </ClInclude>
    <ClInclude Include="lib\wpinet\uv\posix.h">
      <Filter>Header Files</Filter>
    </ClInclude>
    <ClInclude Include="lib\wpinet\uv\threadpool.h">
      <Filter>Header Files</Filter>
    </ClInclude>
    <ClInclude Include="lib\wpinet\uv\tree.h">
      <Filter>Header Files</Filter>
    </ClInclude>
    <ClInclude Include="lib\wpinet\uv\unix.h">
      <Filter>Header Files</Filter>
    </ClInclude>
    <ClInclude Include="lib\wpinet\uv\version.h">
      <Filter>Header Files</Filter>
    </ClInclude>
    <ClInclude Include="lib\wpinet\uv\win.h">
      <Filter>Header Files</Filter>
    </ClInclude>
    <ClInclude Include="lib\wpinet\wpinet\uv\Async.h">
      <Filter>Header Files</Filter>
    </ClInclude>
    <ClInclude Include="lib\wpinet\wpinet\uv\AsyncFunction.h">
      <Filter>Header Files</Filter>
    </ClInclude>
    <ClInclude Include="lib\wpinet\wpinet\uv\Buffer.h">
      <Filter>Header Files</Filter>
    </ClInclude>
    <ClInclude Include="lib\wpinet\wpinet\uv\Check.h">
      <Filter>Header Files</Filter>
    </ClInclude>
    <ClInclude Include="lib\wpinet\wpinet\uv\Error.h">
      <Filter>Header Files</Filter>
    </ClInclude>
    <ClInclude Include="lib\wpinet\wpinet\uv\FsEvent.h">
      <Filter>Header Files</Filter>
    </ClInclude>
    <ClInclude Include="lib\wpinet\wpinet\uv\GetAddrInfo.h">
      <Filter>Header Files</Filter>
    </ClInclude>
    <ClInclude Include="lib\wpinet\wpinet\uv\GetNameInfo.h">
      <Filter>Header Files</Filter>
    </ClInclude>
    <ClInclude Include="lib\wpinet\wpinet\uv\Handle.h">
      <Filter>Header Files</Filter>
    </ClInclude>
    <ClInclude Include="lib\wpinet\wpinet\uv\Idle.h">
      <Filter>Header Files</Filter>
    </ClInclude>
    <ClInclude Include="lib\wpinet\wpinet\uv\Loop.h">
      <Filter>Header Files</Filter>
    </ClInclude>
    <ClInclude Include="lib\wpinet\wpinet\uv\NetworkStream.h">
      <Filter>Header Files</Filter>
    </ClInclude>
    <ClInclude Include="lib\wpinet\wpinet\uv\Pipe.h">
      <Filter>Header Files</Filter>
    </ClInclude>
    <ClInclude Include="lib\wpinet\wpinet\uv\Poll.h">
      <Filter>Header Files</Filter>
    </ClInclude>
    <ClInclude Include="lib\wpinet\wpinet\uv\Prepare.h">
      <Filter>Header Files</Filter>
    </ClInclude>
    <ClInclude Include="lib\wpinet\wpinet\uv\Process.h">
      <Filter>Header Files</Filter>
    </ClInclude>
    <ClInclude Include="lib\wpinet\wpinet\uv\Request.h">
      <Filter>Header Files</Filter>
    </ClInclude>
    <ClInclude Include="lib\wpinet\wpinet\uv\Signal.h">
      <Filter>Header Files</Filter>
    </ClInclude>
    <ClInclude Include="lib\wpinet\wpinet\uv\Stream.h">
      <Filter>Header Files</Filter>
    </ClInclude>
    <ClInclude Include="lib\wpinet\wpinet\uv\Tcp.h">
      <Filter>Header Files</Filter>
    </ClInclude>
    <ClInclude Include="lib\wpinet\wpinet\uv\Timer.h">
      <Filter>Header Files</Filter>
    </ClInclude>
    <ClInclude Include="lib\wpinet\wpinet\uv\Tty.h">
      <Filter>Header Files</Filter>
    </ClInclude>
    <ClInclude Include="lib\wpinet\wpinet\uv\Udp.h">
      <Filter>Header Files</Filter>
    </ClInclude>
    <ClInclude Include="lib\wpinet\wpinet\uv\util.h">
      <Filter>Header Files</Filter>
    </ClInclude>
    <ClInclude Include="lib\wpinet\wpinet\uv\Work.h">
      <Filter>Header Files</Filter>
    </ClInclude>
    <ClInclude Include="lib\wpinet\wpinet\DsClient.h">
      <Filter>Header Files</Filter>
    </ClInclude>
    <ClInclude Include="lib\wpinet\wpinet\EventLoopRunner.h">
      <Filter>Header Files</Filter>
    </ClInclude>
    <ClInclude Include="lib\wpinet\wpinet\hostname.h">
      <Filter>Header Files</Filter>
    </ClInclude>
    <ClInclude Include="lib\wpinet\wpinet\http_parser.h">
      <Filter>Header Files</Filter>
    </ClInclude>
    <ClInclude Include="lib\wpinet\wpinet\HttpParser.h">
      <Filter>Header Files</Filter>
    </ClInclude>
    <ClInclude Include="lib\wpinet\wpinet\HttpServerConnection.h">
      <Filter>Header Files</Filter>
    </ClInclude>
    <ClInclude Include="lib\wpinet\wpinet\HttpUtil.h">
      <Filter>Header Files</Filter>
    </ClInclude>
    <ClInclude Include="lib\wpinet\wpinet\HttpWebSocketServerConnection.h">
      <Filter>Header Files</Filter>
    </ClInclude>
    <ClInclude Include="lib\wpinet\wpinet\MimeTypes.h">
      <Filter>Header Files</Filter>
    </ClInclude>
    <ClInclude Include="lib\wpinet\wpinet\MulticastServiceAnnouncer.h">
      <Filter>Header Files</Filter>
    </ClInclude>
    <ClInclude Include="lib\wpinet\wpinet\MulticastServiceResolver.h">
      <Filter>Header Files</Filter>
    </ClInclude>
    <ClInclude Include="lib\wpinet\wpinet\NetworkAcceptor.h">
      <Filter>Header Files</Filter>
    </ClInclude>
    <ClInclude Include="lib\wpinet\wpinet\NetworkStream.h">
      <Filter>Header Files</Filter>
    </ClInclude>
    <ClInclude Include="lib\wpinet\wpinet\ParallelTcpConnector.h">
      <Filter>Header Files</Filter>
    </ClInclude>
    <ClInclude Include="lib\wpinet\wpinet\PortForwarder.h">
      <Filter>Header Files</Filter>
    </ClInclude>
    <ClInclude Include="lib\wpinet\wpinet\raw_socket_istream.h">
      <Filter>Header Files</Filter>
    </ClInclude>
    <ClInclude Include="lib\wpinet\wpinet\raw_socket_ostream.h">
      <Filter>Header Files</Filter>
    </ClInclude>
    <ClInclude Include="lib\wpinet\wpinet\raw_uv_ostream.h">
      <Filter>Header Files</Filter>
    </ClInclude>
    <ClInclude Include="lib\wpinet\wpinet\SocketError.h">
      <Filter>Header Files</Filter>
    </ClInclude>
    <ClInclude Include="lib\wpinet\wpinet\UDPClient.h">
      <Filter>Header Files</Filter>
    </ClInclude>
    <ClInclude Include="lib\wpinet\wpinet\UrlParser.h">
      <Filter>Header Files</Filter>
    </ClInclude>
    <ClInclude Include="lib\wpinet\wpinet\WebSocket.h">
      <Filter>Header Files</Filter>
    </ClInclude>
    <ClInclude Include="lib\wpinet\wpinet\WebSocketServer.h">
      <Filter>Header Files</Filter>
    </ClInclude>
    <ClInclude Include="lib\wpinet\wpinet\WorkerThread.h">
      <Filter>Header Files</Filter>
    </ClInclude>
    <ClInclude Include="lib\wpinet\uv.h">
      <Filter>Header Files</Filter>
    </ClInclude>
    <ClInclude Include="lib\wpiutil\fmt\args.h">
      <Filter>Header Files</Filter>
    </ClInclude>
    <ClInclude Include="lib\wpiutil\fmt\chrono.h">
      <Filter>Header Files</Filter>
    </ClInclude>
    <ClInclude Include="lib\wpiutil\fmt\color.h">
      <Filter>Header Files</Filter>
    </ClInclude>
    <ClInclude Include="lib\wpiutil\fmt\compile.h">
      <Filter>Header Files</Filter>
    </ClInclude>
    <ClInclude Include="lib\wpiutil\fmt\core.h">
      <Filter>Header Files</Filter>
    </ClInclude>
    <ClInclude Include="lib\wpiutil\fmt\format.h">
      <Filter>Header Files</Filter>
    </ClInclude>
    <ClInclude Include="lib\wpiutil\fmt\format-inl.h">
      <Filter>Header Files</Filter>
    </ClInclude>
    <ClInclude Include="lib\wpiutil\fmt\os.h">
      <Filter>Header Files</Filter>
    </ClInclude>
    <ClInclude Include="lib\wpiutil\fmt\ostream.h">
      <Filter>Header Files</Filter>
    </ClInclude>
    <ClInclude Include="lib\wpiutil\fmt\printf.h">
      <Filter>Header Files</Filter>
    </ClInclude>
    <ClInclude Include="lib\wpiutil\fmt\ranges.h">
      <Filter>Header Files</Filter>
    </ClInclude>
    <ClInclude Include="lib\wpiutil\fmt\std.h">
      <Filter>Header Files</Filter>
    </ClInclude>
    <ClInclude Include="lib\wpiutil\fmt\xchar.h">
      <Filter>Header Files</Filter>
    </ClInclude>
    <ClInclude Include="lib\wpiutil\google\protobuf\compiler\importer.h">
      <Filter>Header Files</Filter>
    </ClInclude>
    <ClInclude Include="lib\wpiutil\google\protobuf\compiler\parser.h">
      <Filter>Header Files</Filter>
    </ClInclude>
    <ClInclude Include="lib\wpiutil\google\protobuf\io\coded_stream.h">
      <Filter>Header Files</Filter>
    </ClInclude>
    <ClInclude Include="lib\wpiutil\google\protobuf\io\gzip_stream.h">
      <Filter>Header Files</Filter>
    </ClInclude>
    <ClInclude Include="lib\wpiutil\google\protobuf\io\io_win32.h">
      <Filter>Header Files</Filter>
    </ClInclude>
    <ClInclude Include="lib\wpiutil\google\protobuf\io\printer.h">
      <Filter>Header Files</Filter>
    </ClInclude>
    <ClInclude Include="lib\wpiutil\google\protobuf\io\strtod.h">
      <Filter>Header Files</Filter>
    </ClInclude>
    <ClInclude Include="lib\wpiutil\google\protobuf\io\tokenizer.h">
      <Filter>Header Files</Filter>
    </ClInclude>
    <ClInclude Include="lib\wpiutil\google\protobuf\io\zero_copy_stream.h">
      <Filter>Header Files</Filter>
    </ClInclude>
    <ClInclude Include="lib\wpiutil\google\protobuf\io\zero_copy_stream_impl.h">
      <Filter>Header Files</Filter>
    </ClInclude>
    <ClInclude Include="lib\wpiutil\google\protobuf\io\zero_copy_stream_impl_lite.h">
      <Filter>Header Files</Filter>
    </ClInclude>
    <ClInclude Include="lib\wpiutil\google\protobuf\stubs\bytestream.h">
      <Filter>Header Files</Filter>
    </ClInclude>
    <ClInclude Include="lib\wpiutil\google\protobuf\stubs\callback.h">
      <Filter>Header Files</Filter>
    </ClInclude>
    <ClInclude Include="lib\wpiutil\google\protobuf\stubs\casts.h">
      <Filter>Header Files</Filter>
    </ClInclude>
    <ClInclude Include="lib\wpiutil\google\protobuf\stubs\common.h">
      <Filter>Header Files</Filter>
    </ClInclude>
    <ClInclude Include="lib\wpiutil\google\protobuf\stubs\hash.h">
      <Filter>Header Files</Filter>
    </ClInclude>
    <ClInclude Include="lib\wpiutil\google\protobuf\stubs\int128.h">
      <Filter>Header Files</Filter>
    </ClInclude>
    <ClInclude Include="lib\wpiutil\google\protobuf\stubs\logging.h">
      <Filter>Header Files</Filter>
    </ClInclude>
    <ClInclude Include="lib\wpiutil\google\protobuf\stubs\macros.h">
      <Filter>Header Files</Filter>
    </ClInclude>
    <ClInclude Include="lib\wpiutil\google\protobuf\stubs\map_util.h">
      <Filter>Header Files</Filter>
    </ClInclude>
    <ClInclude Include="lib\wpiutil\google\protobuf\stubs\mathutil.h">
      <Filter>Header Files</Filter>
    </ClInclude>
    <ClInclude Include="lib\wpiutil\google\protobuf\stubs\mutex.h">
      <Filter>Header Files</Filter>
    </ClInclude>
    <ClInclude Include="lib\wpiutil\google\protobuf\stubs\once.h">
      <Filter>Header Files</Filter>
    </ClInclude>
    <ClInclude Include="lib\wpiutil\google\protobuf\stubs\platform_macros.h">
      <Filter>Header Files</Filter>
    </ClInclude>
    <ClInclude Include="lib\wpiutil\google\protobuf\stubs\port.h">
      <Filter>Header Files</Filter>
    </ClInclude>
    <ClInclude Include="lib\wpiutil\google\protobuf\stubs\status.h">
      <Filter>Header Files</Filter>
    </ClInclude>
    <ClInclude Include="lib\wpiutil\google\protobuf\stubs\status_macros.h">
      <Filter>Header Files</Filter>
    </ClInclude>
    <ClInclude Include="lib\wpiutil\google\protobuf\stubs\statusor.h">
      <Filter>Header Files</Filter>
    </ClInclude>
    <ClInclude Include="lib\wpiutil\google\protobuf\stubs\stl_util.h">
      <Filter>Header Files</Filter>
    </ClInclude>
    <ClInclude Include="lib\wpiutil\google\protobuf\stubs\stringpiece.h">
      <Filter>Header Files</Filter>
    </ClInclude>
    <ClInclude Include="lib\wpiutil\google\protobuf\stubs\stringprintf.h">
      <Filter>Header Files</Filter>
    </ClInclude>
    <ClInclude Include="lib\wpiutil\google\protobuf\stubs\strutil.h">
      <Filter>Header Files</Filter>
    </ClInclude>
    <ClInclude Include="lib\wpiutil\google\protobuf\stubs\substitute.h">
      <Filter>Header Files</Filter>
    </ClInclude>
    <ClInclude Include="lib\wpiutil\google\protobuf\stubs\template_util.h">
      <Filter>Header Files</Filter>
    </ClInclude>
    <ClInclude Include="lib\wpiutil\google\protobuf\stubs\time.h">
      <Filter>Header Files</Filter>
    </ClInclude>
    <ClInclude Include="lib\wpiutil\google\protobuf\util\internal\constants.h">
      <Filter>Header Files</Filter>
    </ClInclude>
    <ClInclude Include="lib\wpiutil\google\protobuf\util\internal\datapiece.h">
      <Filter>Header Files</Filter>
    </ClInclude>
    <ClInclude Include="lib\wpiutil\google\protobuf\util\internal\default_value_objectwriter.h">
      <Filter>Header Files</Filter>
    </ClInclude>
    <ClInclude Include="lib\wpiutil\google\protobuf\util\internal\error_listener.h">
      <Filter>Header Files</Filter>
    </ClInclude>
    <ClInclude Include="lib\wpiutil\google\protobuf\util\internal\field_mask_utility.h">
      <Filter>Header Files</Filter>
    </ClInclude>
    <ClInclude Include="lib\wpiutil\google\protobuf\util\internal\json_escaping.h">
      <Filter>Header Files</Filter>
    </ClInclude>
    <ClInclude Include="lib\wpiutil\google\protobuf\util\internal\json_objectwriter.h">
      <Filter>Header Files</Filter>
    </ClInclude>
    <ClInclude Include="lib\wpiutil\google\protobuf\util\internal\json_stream_parser.h">
      <Filter>Header Files</Filter>
    </ClInclude>
    <ClInclude Include="lib\wpiutil\google\protobuf\util\internal\location_tracker.h">
      <Filter>Header Files</Filter>
    </ClInclude>
    <ClInclude Include="lib\wpiutil\google\protobuf\util\internal\object_location_tracker.h">
      <Filter>Header Files</Filter>
    </ClInclude>
    <ClInclude Include="lib\wpiutil\google\protobuf\util\internal\object_source.h">
      <Filter>Header Files</Filter>
    </ClInclude>
    <ClInclude Include="lib\wpiutil\google\protobuf\util\internal\object_writer.h">
      <Filter>Header Files</Filter>
    </ClInclude>
    <ClInclude Include="lib\wpiutil\google\protobuf\util\internal\proto_writer.h">
      <Filter>Header Files</Filter>
    </ClInclude>
    <ClInclude Include="lib\wpiutil\google\protobuf\util\internal\protostream_objectsource.h">
      <Filter>Header Files</Filter>
    </ClInclude>
    <ClInclude Include="lib\wpiutil\google\protobuf\util\internal\protostream_objectwriter.h">
      <Filter>Header Files</Filter>
    </ClInclude>
    <ClInclude Include="lib\wpiutil\google\protobuf\util\internal\structured_objectwriter.h">
      <Filter>Header Files</Filter>
    </ClInclude>
    <ClInclude Include="lib\wpiutil\google\protobuf\util\internal\type_info.h">
      <Filter>Header Files</Filter>
    </ClInclude>
    <ClInclude Include="lib\wpiutil\google\protobuf\util\internal\utility.h">
      <Filter>Header Files</Filter>
    </ClInclude>
    <ClInclude Include="lib\wpiutil\google\protobuf\util\delimited_message_util.h">
      <Filter>Header Files</Filter>
    </ClInclude>
    <ClInclude Include="lib\wpiutil\google\protobuf\util\field_comparator.h">
      <Filter>Header Files</Filter>
    </ClInclude>
    <ClInclude Include="lib\wpiutil\google\protobuf\util\field_mask_util.h">
      <Filter>Header Files</Filter>
    </ClInclude>
    <ClInclude Include="lib\wpiutil\google\protobuf\util\json_util.h">
      <Filter>Header Files</Filter>
    </ClInclude>
    <ClInclude Include="lib\wpiutil\google\protobuf\util\message_differencer.h">
      <Filter>Header Files</Filter>
    </ClInclude>
    <ClInclude Include="lib\wpiutil\google\protobuf\util\time_util.h">
      <Filter>Header Files</Filter>
    </ClInclude>
    <ClInclude Include="lib\wpiutil\google\protobuf\util\type_resolver.h">
      <Filter>Header Files</Filter>
    </ClInclude>
    <ClInclude Include="lib\wpiutil\google\protobuf\util\type_resolver_util.h">
      <Filter>Header Files</Filter>
    </ClInclude>
    <ClInclude Include="lib\wpiutil\google\protobuf\any.h">
      <Filter>Header Files</Filter>
    </ClInclude>
    <ClInclude Include="lib\wpiutil\google\protobuf\any.pb.h">
      <Filter>Header Files</Filter>
    </ClInclude>
    <ClInclude Include="lib\wpiutil\google\protobuf\api.pb.h">
      <Filter>Header Files</Filter>
    </ClInclude>
    <ClInclude Include="lib\wpiutil\google\protobuf\arena.h">
      <Filter>Header Files</Filter>
    </ClInclude>
    <ClInclude Include="lib\wpiutil\google\protobuf\arena_impl.h">
      <Filter>Header Files</Filter>
    </ClInclude>
    <ClInclude Include="lib\wpiutil\google\protobuf\arenastring.h">
      <Filter>Header Files</Filter>
    </ClInclude>
    <ClInclude Include="lib\wpiutil\google\protobuf\arenaz_sampler.h">
      <Filter>Header Files</Filter>
    </ClInclude>
    <ClInclude Include="lib\wpiutil\google\protobuf\descriptor.h">
      <Filter>Header Files</Filter>
    </ClInclude>
    <ClInclude Include="lib\wpiutil\google\protobuf\descriptor.pb.h">
      <Filter>Header Files</Filter>
    </ClInclude>
    <ClInclude Include="lib\wpiutil\google\protobuf\descriptor_database.h">
      <Filter>Header Files</Filter>
    </ClInclude>
    <ClInclude Include="lib\wpiutil\google\protobuf\duration.pb.h">
      <Filter>Header Files</Filter>
    </ClInclude>
    <ClInclude Include="lib\wpiutil\google\protobuf\dynamic_message.h">
      <Filter>Header Files</Filter>
    </ClInclude>
    <ClInclude Include="lib\wpiutil\google\protobuf\empty.pb.h">
      <Filter>Header Files</Filter>
    </ClInclude>
    <ClInclude Include="lib\wpiutil\google\protobuf\endian.h">
      <Filter>Header Files</Filter>
    </ClInclude>
    <ClInclude Include="lib\wpiutil\google\protobuf\explicitly_constructed.h">
      <Filter>Header Files</Filter>
    </ClInclude>
    <ClInclude Include="lib\wpiutil\google\protobuf\extension_set.h">
      <Filter>Header Files</Filter>
    </ClInclude>
    <ClInclude Include="lib\wpiutil\google\protobuf\extension_set_inl.h">
      <Filter>Header Files</Filter>
    </ClInclude>
    <ClInclude Include="lib\wpiutil\google\protobuf\field_access_listener.h">
      <Filter>Header Files</Filter>
    </ClInclude>
    <ClInclude Include="lib\wpiutil\google\protobuf\field_mask.pb.h">
      <Filter>Header Files</Filter>
    </ClInclude>
    <ClInclude Include="lib\wpiutil\google\protobuf\generated_enum_reflection.h">
      <Filter>Header Files</Filter>
    </ClInclude>
    <ClInclude Include="lib\wpiutil\google\protobuf\generated_enum_util.h">
      <Filter>Header Files</Filter>
    </ClInclude>
    <ClInclude Include="lib\wpiutil\google\protobuf\generated_message_bases.h">
      <Filter>Header Files</Filter>
    </ClInclude>
    <ClInclude Include="lib\wpiutil\google\protobuf\generated_message_reflection.h">
      <Filter>Header Files</Filter>
    </ClInclude>
    <ClInclude Include="lib\wpiutil\google\protobuf\generated_message_tctable_decl.h">
      <Filter>Header Files</Filter>
    </ClInclude>
    <ClInclude Include="lib\wpiutil\google\protobuf\generated_message_tctable_impl.h">
      <Filter>Header Files</Filter>
    </ClInclude>
    <ClInclude Include="lib\wpiutil\google\protobuf\generated_message_util.h">
      <Filter>Header Files</Filter>
    </ClInclude>
    <ClInclude Include="lib\wpiutil\google\protobuf\has_bits.h">
      <Filter>Header Files</Filter>
    </ClInclude>
    <ClInclude Include="lib\wpiutil\google\protobuf\implicit_weak_message.h">
      <Filter>Header Files</Filter>
    </ClInclude>
    <ClInclude Include="lib\wpiutil\google\protobuf\inlined_string_field.h">
      <Filter>Header Files</Filter>
    </ClInclude>
    <ClInclude Include="lib\wpiutil\google\protobuf\map.h">
      <Filter>Header Files</Filter>
    </ClInclude>
    <ClInclude Include="lib\wpiutil\google\protobuf\map_entry.h">
      <Filter>Header Files</Filter>
    </ClInclude>
    <ClInclude Include="lib\wpiutil\google\protobuf\map_entry_lite.h">
      <Filter>Header Files</Filter>
    </ClInclude>
    <ClInclude Include="lib\wpiutil\google\protobuf\map_field.h">
      <Filter>Header Files</Filter>
    </ClInclude>
    <ClInclude Include="lib\wpiutil\google\protobuf\map_field_inl.h">
      <Filter>Header Files</Filter>
    </ClInclude>
    <ClInclude Include="lib\wpiutil\google\protobuf\map_field_lite.h">
      <Filter>Header Files</Filter>
    </ClInclude>
    <ClInclude Include="lib\wpiutil\google\protobuf\map_type_handler.h">
      <Filter>Header Files</Filter>
    </ClInclude>
    <ClInclude Include="lib\wpiutil\google\protobuf\message.h">
      <Filter>Header Files</Filter>
    </ClInclude>
    <ClInclude Include="lib\wpiutil\google\protobuf\message_lite.h">
      <Filter>Header Files</Filter>
    </ClInclude>
    <ClInclude Include="lib\wpiutil\google\protobuf\metadata.h">
      <Filter>Header Files</Filter>
    </ClInclude>
    <ClInclude Include="lib\wpiutil\google\protobuf\metadata_lite.h">
      <Filter>Header Files</Filter>
    </ClInclude>
    <ClInclude Include="lib\wpiutil\google\protobuf\parse_context.h">
      <Filter>Header Files</Filter>
    </ClInclude>
    <ClInclude Include="lib\wpiutil\google\protobuf\port.h">
      <Filter>Header Files</Filter>
    </ClInclude>
    <ClInclude Include="lib\wpiutil\google\protobuf\reflection.h">
      <Filter>Header Files</Filter>
    </ClInclude>
    <ClInclude Include="lib\wpiutil\google\protobuf\reflection_internal.h">
      <Filter>Header Files</Filter>
    </ClInclude>
    <ClInclude Include="lib\wpiutil\google\protobuf\reflection_ops.h">
      <Filter>Header Files</Filter>
    </ClInclude>
    <ClInclude Include="lib\wpiutil\google\protobuf\repeated_field.h">
      <Filter>Header Files</Filter>
    </ClInclude>
    <ClInclude Include="lib\wpiutil\google\protobuf\repeated_ptr_field.h">
      <Filter>Header Files</Filter>
    </ClInclude>
    <ClInclude Include="lib\wpiutil\google\protobuf\service.h">
      <Filter>Header Files</Filter>
    </ClInclude>
    <ClInclude Include="lib\wpiutil\google\protobuf\source_context.pb.h">
      <Filter>Header Files</Filter>
    </ClInclude>
    <ClInclude Include="lib\wpiutil\google\protobuf\struct.pb.h">
      <Filter>Header Files</Filter>
    </ClInclude>
    <ClInclude Include="lib\wpiutil\google\protobuf\text_format.h">
      <Filter>Header Files</Filter>
    </ClInclude>
    <ClInclude Include="lib\wpiutil\google\protobuf\timestamp.pb.h">
      <Filter>Header Files</Filter>
    </ClInclude>
    <ClInclude Include="lib\wpiutil\google\protobuf\type.pb.h">
      <Filter>Header Files</Filter>
    </ClInclude>
    <ClInclude Include="lib\wpiutil\google\protobuf\unknown_field_set.h">
      <Filter>Header Files</Filter>
    </ClInclude>
    <ClInclude Include="lib\wpiutil\google\protobuf\wire_format.h">
      <Filter>Header Files</Filter>
    </ClInclude>
    <ClInclude Include="lib\wpiutil\google\protobuf\wire_format_lite.h">
      <Filter>Header Files</Filter>
    </ClInclude>
    <ClInclude Include="lib\wpiutil\google\protobuf\wrappers.pb.h">
      <Filter>Header Files</Filter>
    </ClInclude>
    <ClInclude Include="lib\wpiutil\wpi\detail\conversions\from_json.h">
      <Filter>Header Files</Filter>
    </ClInclude>
    <ClInclude Include="lib\wpiutil\wpi\detail\conversions\to_chars.h">
      <Filter>Header Files</Filter>
    </ClInclude>
    <ClInclude Include="lib\wpiutil\wpi\detail\conversions\to_json.h">
      <Filter>Header Files</Filter>
    </ClInclude>
    <ClInclude Include="lib\wpiutil\wpi\detail\input\binary_reader.h">
      <Filter>Header Files</Filter>
    </ClInclude>
    <ClInclude Include="lib\wpiutil\wpi\detail\input\input_adapters.h">
      <Filter>Header Files</Filter>
    </ClInclude>
    <ClInclude Include="lib\wpiutil\wpi\detail\input\json_sax.h">
      <Filter>Header Files</Filter>
    </ClInclude>
    <ClInclude Include="lib\wpiutil\wpi\detail\input\lexer.h">
      <Filter>Header Files</Filter>
    </ClInclude>
    <ClInclude Include="lib\wpiutil\wpi\detail\input\parser.h">
      <Filter>Header Files</Filter>
    </ClInclude>
    <ClInclude Include="lib\wpiutil\wpi\detail\input\position_t.h">
      <Filter>Header Files</Filter>
    </ClInclude>
    <ClInclude Include="lib\wpiutil\wpi\detail\iterators\internal_iterator.h">
      <Filter>Header Files</Filter>
    </ClInclude>
    <ClInclude Include="lib\wpiutil\wpi\detail\iterators\iter_impl.h">
      <Filter>Header Files</Filter>
    </ClInclude>
    <ClInclude Include="lib\wpiutil\wpi\detail\iterators\iteration_proxy.h">
      <Filter>Header Files</Filter>
    </ClInclude>
    <ClInclude Include="lib\wpiutil\wpi\detail\iterators\iterator_traits.h">
      <Filter>Header Files</Filter>
    </ClInclude>
    <ClInclude Include="lib\wpiutil\wpi\detail\iterators\json_reverse_iterator.h">
      <Filter>Header Files</Filter>
    </ClInclude>
    <ClInclude Include="lib\wpiutil\wpi\detail\iterators\primitive_iterator.h">
      <Filter>Header Files</Filter>
    </ClInclude>
    <ClInclude Include="lib\wpiutil\wpi\detail\meta\call_std\begin.h">
      <Filter>Header Files</Filter>
    </ClInclude>
    <ClInclude Include="lib\wpiutil\wpi\detail\meta\call_std\end.h">
      <Filter>Header Files</Filter>
    </ClInclude>
    <ClInclude Include="lib\wpiutil\wpi\detail\meta\cpp_future.h">
      <Filter>Header Files</Filter>
    </ClInclude>
    <ClInclude Include="lib\wpiutil\wpi\detail\meta\detected.h">
      <Filter>Header Files</Filter>
    </ClInclude>
    <ClInclude Include="lib\wpiutil\wpi\detail\meta\identity_tag.h">
      <Filter>Header Files</Filter>
    </ClInclude>
    <ClInclude Include="lib\wpiutil\wpi\detail\meta\is_sax.h">
      <Filter>Header Files</Filter>
    </ClInclude>
    <ClInclude Include="lib\wpiutil\wpi\detail\meta\std_fs.h">
      <Filter>Header Files</Filter>
    </ClInclude>
    <ClInclude Include="lib\wpiutil\wpi\detail\meta\type_traits.h">
      <Filter>Header Files</Filter>
    </ClInclude>
    <ClInclude Include="lib\wpiutil\wpi\detail\meta\void_t.h">
      <Filter>Header Files</Filter>
    </ClInclude>
    <ClInclude Include="lib\wpiutil\wpi\detail\output\binary_writer.h">
      <Filter>Header Files</Filter>
    </ClInclude>
    <ClInclude Include="lib\wpiutil\wpi\detail\output\output_adapters.h">
      <Filter>Header Files</Filter>
    </ClInclude>
    <ClInclude Include="lib\wpiutil\wpi\detail\output\serializer.h">
      <Filter>Header Files</Filter>
    </ClInclude>
    <ClInclude Include="lib\wpiutil\wpi\detail\abi_macros.h">
      <Filter>Header Files</Filter>
    </ClInclude>
    <ClInclude Include="lib\wpiutil\wpi\detail\exceptions.h">
      <Filter>Header Files</Filter>
    </ClInclude>
    <ClInclude Include="lib\wpiutil\wpi\detail\hash.h">
      <Filter>Header Files</Filter>
    </ClInclude>
    <ClInclude Include="lib\wpiutil\wpi\detail\json_pointer.h">
      <Filter>Header Files</Filter>
    </ClInclude>
    <ClInclude Include="lib\wpiutil\wpi\detail\json_ref.h">
      <Filter>Header Files</Filter>
    </ClInclude>
    <ClInclude Include="lib\wpiutil\wpi\detail\macro_scope.h">
      <Filter>Header Files</Filter>
    </ClInclude>
    <ClInclude Include="lib\wpiutil\wpi\detail\macro_unscope.h">
      <Filter>Header Files</Filter>
    </ClInclude>
    <ClInclude Include="lib\wpiutil\wpi\detail\string_concat.h">
      <Filter>Header Files</Filter>
    </ClInclude>
    <ClInclude Include="lib\wpiutil\wpi\detail\string_escape.h">
      <Filter>Header Files</Filter>
    </ClInclude>
    <ClInclude Include="lib\wpiutil\wpi\detail\value_t.h">
      <Filter>Header Files</Filter>
    </ClInclude>
    <ClInclude Include="lib\wpiutil\wpi\fmt\raw_ostream.h">
      <Filter>Header Files</Filter>
    </ClInclude>
    <ClInclude Include="lib\wpiutil\wpi\memory\detail\align.hpp">
      <Filter>Header Files</Filter>
    </ClInclude>
    <ClInclude Include="lib\wpiutil\wpi\memory\detail\assert.hpp">
      <Filter>Header Files</Filter>
    </ClInclude>
    <ClInclude Include="lib\wpiutil\wpi\memory\detail\container_node_sizes.hpp">
      <Filter>Header Files</Filter>
    </ClInclude>
    <ClInclude Include="lib\wpiutil\wpi\memory\detail\debug_helpers.hpp">
      <Filter>Header Files</Filter>
    </ClInclude>
    <ClInclude Include="lib\wpiutil\wpi\memory\detail\ebo_storage.hpp">
      <Filter>Header Files</Filter>
    </ClInclude>
    <ClInclude Include="lib\wpiutil\wpi\memory\detail\free_list.hpp">
      <Filter>Header Files</Filter>
    </ClInclude>
    <ClInclude Include="lib\wpiutil\wpi\memory\detail\free_list_array.hpp">
      <Filter>Header Files</Filter>
    </ClInclude>
    <ClInclude Include="lib\wpiutil\wpi\memory\detail\ilog2.hpp">
      <Filter>Header Files</Filter>
    </ClInclude>
    <ClInclude Include="lib\wpiutil\wpi\memory\detail\lowlevel_allocator.hpp">
      <Filter>Header Files</Filter>
    </ClInclude>
    <ClInclude Include="lib\wpiutil\wpi\memory\detail\memory_stack.hpp">
      <Filter>Header Files</Filter>
    </ClInclude>
    <ClInclude Include="lib\wpiutil\wpi\memory\detail\small_free_list.hpp">
      <Filter>Header Files</Filter>
    </ClInclude>
    <ClInclude Include="lib\wpiutil\wpi\memory\detail\utility.hpp">
      <Filter>Header Files</Filter>
    </ClInclude>
    <ClInclude Include="lib\wpiutil\wpi\memory\aligned_allocator.hpp">
      <Filter>Header Files</Filter>
    </ClInclude>
    <ClInclude Include="lib\wpiutil\wpi\memory\allocator_storage.hpp">
      <Filter>Header Files</Filter>
    </ClInclude>
    <ClInclude Include="lib\wpiutil\wpi\memory\allocator_traits.hpp">
      <Filter>Header Files</Filter>
    </ClInclude>
    <ClInclude Include="lib\wpiutil\wpi\memory\config.hpp">
      <Filter>Header Files</Filter>
    </ClInclude>
    <ClInclude Include="lib\wpiutil\wpi\memory\config_impl.hpp">
      <Filter>Header Files</Filter>
    </ClInclude>
    <ClInclude Include="lib\wpiutil\wpi\memory\container.hpp">
      <Filter>Header Files</Filter>
    </ClInclude>
    <ClInclude Include="lib\wpiutil\wpi\memory\debugging.hpp">
      <Filter>Header Files</Filter>
    </ClInclude>
    <ClInclude Include="lib\wpiutil\wpi\memory\default_allocator.hpp">
      <Filter>Header Files</Filter>
    </ClInclude>
    <ClInclude Include="lib\wpiutil\wpi\memory\deleter.hpp">
      <Filter>Header Files</Filter>
    </ClInclude>
    <ClInclude Include="lib\wpiutil\wpi\memory\error.hpp">
      <Filter>Header Files</Filter>
    </ClInclude>
    <ClInclude Include="lib\wpiutil\wpi\memory\fallback_allocator.hpp">
      <Filter>Header Files</Filter>
    </ClInclude>
    <ClInclude Include="lib\wpiutil\wpi\memory\heap_allocator.hpp">
      <Filter>Header Files</Filter>
    </ClInclude>
    <ClInclude Include="lib\wpiutil\wpi\memory\iteration_allocator.hpp">
      <Filter>Header Files</Filter>
    </ClInclude>
    <ClInclude Include="lib\wpiutil\wpi\memory\joint_allocator.hpp">
      <Filter>Header Files</Filter>
    </ClInclude>
    <ClInclude Include="lib\wpiutil\wpi\memory\malloc_allocator.hpp">
      <Filter>Header Files</Filter>
    </ClInclude>
    <ClInclude Include="lib\wpiutil\wpi\memory\memory_arena.hpp">
      <Filter>Header Files</Filter>
    </ClInclude>
    <ClInclude Include="lib\wpiutil\wpi\memory\memory_pool.hpp">
      <Filter>Header Files</Filter>
    </ClInclude>
    <ClInclude Include="lib\wpiutil\wpi\memory\memory_pool_collection.hpp">
      <Filter>Header Files</Filter>
    </ClInclude>
    <ClInclude Include="lib\wpiutil\wpi\memory\memory_pool_type.hpp">
      <Filter>Header Files</Filter>
    </ClInclude>
    <ClInclude Include="lib\wpiutil\wpi\memory\memory_resource_adapter.hpp">
      <Filter>Header Files</Filter>
    </ClInclude>
    <ClInclude Include="lib\wpiutil\wpi\memory\memory_stack.hpp">
      <Filter>Header Files</Filter>
    </ClInclude>
    <ClInclude Include="lib\wpiutil\wpi\memory\namespace_alias.hpp">
      <Filter>Header Files</Filter>
    </ClInclude>
    <ClInclude Include="lib\wpiutil\wpi\memory\new_allocator.hpp">
      <Filter>Header Files</Filter>
    </ClInclude>
    <ClInclude Include="lib\wpiutil\wpi\memory\segregator.hpp">
      <Filter>Header Files</Filter>
    </ClInclude>
    <ClInclude Include="lib\wpiutil\wpi\memory\smart_ptr.hpp">
      <Filter>Header Files</Filter>
    </ClInclude>
    <ClInclude Include="lib\wpiutil\wpi\memory\static_allocator.hpp">
      <Filter>Header Files</Filter>
    </ClInclude>
    <ClInclude Include="lib\wpiutil\wpi\memory\std_allocator.hpp">
      <Filter>Header Files</Filter>
    </ClInclude>
    <ClInclude Include="lib\wpiutil\wpi\memory\temporary_allocator.hpp">
      <Filter>Header Files</Filter>
    </ClInclude>
    <ClInclude Include="lib\wpiutil\wpi\memory\threading.hpp">
      <Filter>Header Files</Filter>
    </ClInclude>
    <ClInclude Include="lib\wpiutil\wpi\memory\tracking.hpp">
      <Filter>Header Files</Filter>
    </ClInclude>
    <ClInclude Include="lib\wpiutil\wpi\memory\virtual_memory.hpp">
      <Filter>Header Files</Filter>
    </ClInclude>
    <ClInclude Include="lib\wpiutil\wpi\protobuf\Protobuf.h">
      <Filter>Header Files</Filter>
    </ClInclude>
    <ClInclude Include="lib\wpiutil\wpi\protobuf\ProtobufMessageDatabase.h">
      <Filter>Header Files</Filter>
    </ClInclude>
    <ClInclude Include="lib\wpiutil\wpi\sendable\Sendable.h">
      <Filter>Header Files</Filter>
    </ClInclude>
    <ClInclude Include="lib\wpiutil\wpi\sendable\SendableBuilder.h">
      <Filter>Header Files</Filter>
    </ClInclude>
    <ClInclude Include="lib\wpiutil\wpi\sendable\SendableHelper.h">
      <Filter>Header Files</Filter>
    </ClInclude>
    <ClInclude Include="lib\wpiutil\wpi\sendable\SendableRegistry.h">
      <Filter>Header Files</Filter>
    </ClInclude>
    <ClInclude Include="lib\wpiutil\wpi\struct\DynamicStruct.h">
      <Filter>Header Files</Filter>
    </ClInclude>
    <ClInclude Include="lib\wpiutil\wpi\struct\SchemaParser.h">
      <Filter>Header Files</Filter>
    </ClInclude>
    <ClInclude Include="lib\wpiutil\wpi\struct\Struct.h">
      <Filter>Header Files</Filter>
    </ClInclude>
    <ClInclude Include="lib\wpiutil\wpi\thirdparty\hedley\hedley.h">
      <Filter>Header Files</Filter>
    </ClInclude>
    <ClInclude Include="lib\wpiutil\wpi\thirdparty\hedley\hedley_undef.h">
      <Filter>Header Files</Filter>
    </ClInclude>
    <ClInclude Include="lib\wpiutil\wpi\ADL.h">
      <Filter>Header Files</Filter>
    </ClInclude>
    <ClInclude Include="lib\wpiutil\wpi\adl_serializer.h">
      <Filter>Header Files</Filter>
    </ClInclude>
    <ClInclude Include="lib\wpiutil\wpi\Algorithm.h">
      <Filter>Header Files</Filter>
    </ClInclude>
    <ClInclude Include="lib\wpiutil\wpi\AlignOf.h">
      <Filter>Header Files</Filter>
    </ClInclude>
    <ClInclude Include="lib\wpiutil\wpi\AllocatorBase.h">
      <Filter>Header Files</Filter>
    </ClInclude>
    <ClInclude Include="lib\wpiutil\wpi\array.h">
      <Filter>Header Files</Filter>
    </ClInclude>
    <ClInclude Include="lib\wpiutil\wpi\Base64.h">
      <Filter>Header Files</Filter>
    </ClInclude>
    <ClInclude Include="lib\wpiutil\wpi\bit.h">
      <Filter>Header Files</Filter>
    </ClInclude>
    <ClInclude Include="lib\wpiutil\wpi\byte_container_with_subtype.h">
      <Filter>Header Files</Filter>
    </ClInclude>
    <ClInclude Include="lib\wpiutil\wpi\CallbackManager.h">
      <Filter>Header Files</Filter>
    </ClInclude>
    <ClInclude Include="lib\wpiutil\wpi\Casting.h">
      <Filter>Header Files</Filter>
    </ClInclude>
    <ClInclude Include="lib\wpiutil\wpi\Chrono.h">
      <Filter>Header Files</Filter>
    </ClInclude>
    <ClInclude Include="lib\wpiutil\wpi\circular_buffer.h">
      <Filter>Header Files</Filter>
    </ClInclude>
    <ClInclude Include="lib\wpiutil\wpi\Compiler.h">
      <Filter>Header Files</Filter>
    </ClInclude>
    <ClInclude Include="lib\wpiutil\wpi\ConcurrentQueue.h">
      <Filter>Header Files</Filter>
    </ClInclude>
    <ClInclude Include="lib\wpiutil\wpi\condition_variable.h">
      <Filter>Header Files</Filter>
    </ClInclude>
    <ClInclude Include="lib\wpiutil\wpi\ConvertUTF.h">
      <Filter>Header Files</Filter>
    </ClInclude>
    <ClInclude Include="lib\wpiutil\wpi\ct_string.h">
      <Filter>Header Files</Filter>
    </ClInclude>
    <ClInclude Include="lib\wpiutil\wpi\DataLog.h">
      <Filter>Header Files</Filter>
    </ClInclude>
    <ClInclude Include="lib\wpiutil\wpi\DataLogReader.h">
      <Filter>Header Files</Filter>
    </ClInclude>
    <ClInclude Include="lib\wpiutil\wpi\DecayedDerivedFrom.h">
      <Filter>Header Files</Filter>
    </ClInclude>
    <ClInclude Include="lib\wpiutil\wpi\Demangle.h">
      <Filter>Header Files</Filter>
    </ClInclude>
    <ClInclude Include="lib\wpiutil\wpi\DenseMap.h">
      <Filter>Header Files</Filter>
    </ClInclude>
    <ClInclude Include="lib\wpiutil\wpi\DenseMapInfo.h">
      <Filter>Header Files</Filter>
    </ClInclude>
    <ClInclude Include="lib\wpiutil\wpi\DenseMapInfoVariant.h">
      <Filter>Header Files</Filter>
    </ClInclude>
    <ClInclude Include="lib\wpiutil\wpi\deprecated.h">
      <Filter>Header Files</Filter>
    </ClInclude>
    <ClInclude Include="lib\wpiutil\wpi\Endian.h">
      <Filter>Header Files</Filter>
    </ClInclude>
    <ClInclude Include="lib\wpiutil\wpi\EpochTracker.h">
      <Filter>Header Files</Filter>
    </ClInclude>
    <ClInclude Include="lib\wpiutil\wpi\Errc.h">
      <Filter>Header Files</Filter>
    </ClInclude>
    <ClInclude Include="lib\wpiutil\wpi\Errno.h">
      <Filter>Header Files</Filter>
    </ClInclude>
    <ClInclude Include="lib\wpiutil\wpi\ErrorHandling.h">
      <Filter>Header Files</Filter>
    </ClInclude>
    <ClInclude Include="lib\wpiutil\wpi\EventVector.h">
      <Filter>Header Files</Filter>
    </ClInclude>
    <ClInclude Include="lib\wpiutil\wpi\fs.h">
      <Filter>Header Files</Filter>
    </ClInclude>
    <ClInclude Include="lib\wpiutil\wpi\function_ref.h">
      <Filter>Header Files</Filter>
    </ClInclude>
    <ClInclude Include="lib\wpiutil\wpi\FunctionExtras.h">
      <Filter>Header Files</Filter>
    </ClInclude>
    <ClInclude Include="lib\wpiutil\wpi\future.h">
      <Filter>Header Files</Filter>
    </ClInclude>
    <ClInclude Include="lib\wpiutil\wpi\Hashing.h">
      <Filter>Header Files</Filter>
    </ClInclude>
    <ClInclude Include="lib\wpiutil\wpi\interpolating_map.h">
      <Filter>Header Files</Filter>
    </ClInclude>
    <ClInclude Include="lib\wpiutil\wpi\iterator.h">
      <Filter>Header Files</Filter>
    </ClInclude>
    <ClInclude Include="lib\wpiutil\wpi\iterator_range.h">
      <Filter>Header Files</Filter>
    </ClInclude>
    <ClInclude Include="lib\wpiutil\wpi\jni_util.h">
      <Filter>Header Files</Filter>
    </ClInclude>
    <ClInclude Include="lib\wpiutil\wpi\json.h">
      <Filter>Header Files</Filter>
    </ClInclude>
    <ClInclude Include="lib\wpiutil\wpi\json_fwd.h">
      <Filter>Header Files</Filter>
    </ClInclude>
    <ClInclude Include="lib\wpiutil\wpi\leb128.h">
      <Filter>Header Files</Filter>
    </ClInclude>
    <ClInclude Include="lib\wpiutil\wpi\Logger.h">
      <Filter>Header Files</Filter>
    </ClInclude>
    <ClInclude Include="lib\wpiutil\wpi\MappedFileRegion.h">
      <Filter>Header Files</Filter>
    </ClInclude>
    <ClInclude Include="lib\wpiutil\wpi\MapVector.h">
      <Filter>Header Files</Filter>
    </ClInclude>
    <ClInclude Include="lib\wpiutil\wpi\MathExtras.h">
      <Filter>Header Files</Filter>
    </ClInclude>
    <ClInclude Include="lib\wpiutil\wpi\MemAlloc.h">
      <Filter>Header Files</Filter>
    </ClInclude>
    <ClInclude Include="lib\wpiutil\wpi\MemoryBuffer.h">
      <Filter>Header Files</Filter>
    </ClInclude>
    <ClInclude Include="lib\wpiutil\wpi\MessagePack.h">
      <Filter>Header Files</Filter>
    </ClInclude>
    <ClInclude Include="lib\wpiutil\wpi\mpack.h">
      <Filter>Header Files</Filter>
    </ClInclude>
    <ClInclude Include="lib\wpiutil\wpi\mutex.h">
      <Filter>Header Files</Filter>
    </ClInclude>
    <ClInclude Include="lib\wpiutil\wpi\nodiscard.h">
      <Filter>Header Files</Filter>
    </ClInclude>
    <ClInclude Include="lib\wpiutil\wpi\NullDeleter.h">
      <Filter>Header Files</Filter>
    </ClInclude>
    <ClInclude Include="lib\wpiutil\wpi\ordered_map.h">
      <Filter>Header Files</Filter>
    </ClInclude>
    <ClInclude Include="lib\wpiutil\wpi\PointerIntPair.h">
      <Filter>Header Files</Filter>
    </ClInclude>
    <ClInclude Include="lib\wpiutil\wpi\PointerLikeTypeTraits.h">
      <Filter>Header Files</Filter>
    </ClInclude>
    <ClInclude Include="lib\wpiutil\wpi\PointerUnion.h">
      <Filter>Header Files</Filter>
    </ClInclude>
    <ClInclude Include="lib\wpiutil\wpi\priority_mutex.h">
      <Filter>Header Files</Filter>
    </ClInclude>
    <ClInclude Include="lib\wpiutil\wpi\priority_queue.h">
      <Filter>Header Files</Filter>
    </ClInclude>
    <ClInclude Include="lib\wpiutil\wpi\raw_istream.h">
      <Filter>Header Files</Filter>
    </ClInclude>
    <ClInclude Include="lib\wpiutil\wpi\raw_os_ostream.h">
      <Filter>Header Files</Filter>
    </ClInclude>
    <ClInclude Include="lib\wpiutil\wpi\raw_ostream.h">
      <Filter>Header Files</Filter>
    </ClInclude>
    <ClInclude Include="lib\wpiutil\wpi\RawFrame.h">
      <Filter>Header Files</Filter>
    </ClInclude>
    <ClInclude Include="lib\wpiutil\wpi\ReverseIteration.h">
      <Filter>Header Files</Filter>
    </ClInclude>
    <ClInclude Include="lib\wpiutil\wpi\SafeThread.h">
      <Filter>Header Files</Filter>
    </ClInclude>
    <ClInclude Include="lib\wpiutil\wpi\sha1.h">
      <Filter>Header Files</Filter>
    </ClInclude>
    <ClInclude Include="lib\wpiutil\wpi\Signal.h">
      <Filter>Header Files</Filter>
    </ClInclude>
    <ClInclude Include="lib\wpiutil\wpi\SmallPtrSet.h">
      <Filter>Header Files</Filter>
    </ClInclude>
    <ClInclude Include="lib\wpiutil\wpi\SmallSet.h">
      <Filter>Header Files</Filter>
    </ClInclude>
    <ClInclude Include="lib\wpiutil\wpi\SmallString.h">
      <Filter>Header Files</Filter>
    </ClInclude>
    <ClInclude Include="lib\wpiutil\wpi\SmallVector.h">
      <Filter>Header Files</Filter>
    </ClInclude>
    <ClInclude Include="lib\wpiutil\wpi\SmallVectorMemoryBuffer.h">
      <Filter>Header Files</Filter>
    </ClInclude>
    <ClInclude Include="lib\wpiutil\wpi\SpanExtras.h">
      <Filter>Header Files</Filter>
    </ClInclude>
    <ClInclude Include="lib\wpiutil\wpi\spinlock.h">
      <Filter>Header Files</Filter>
    </ClInclude>
    <ClInclude Include="lib\wpiutil\wpi\StackTrace.h">
      <Filter>Header Files</Filter>
    </ClInclude>
    <ClInclude Include="lib\wpiutil\wpi\static_circular_buffer.h">
      <Filter>Header Files</Filter>
    </ClInclude>
    <ClInclude Include="lib\wpiutil\wpi\STLForwardCompat.h">
      <Filter>Header Files</Filter>
    </ClInclude>
    <ClInclude Include="lib\wpiutil\wpi\StringExtras.h">
      <Filter>Header Files</Filter>
    </ClInclude>
    <ClInclude Include="lib\wpiutil\wpi\StringMap.h">
      <Filter>Header Files</Filter>
    </ClInclude>
    <ClInclude Include="lib\wpiutil\wpi\StringMapEntry.h">
      <Filter>Header Files</Filter>
    </ClInclude>
    <ClInclude Include="lib\wpiutil\wpi\SwapByteOrder.h">
      <Filter>Header Files</Filter>
    </ClInclude>
    <ClInclude Include="lib\wpiutil\wpi\SymbolExports.h">
      <Filter>Header Files</Filter>
    </ClInclude>
    <ClInclude Include="lib\wpiutil\wpi\Synchronization.h">
      <Filter>Header Files</Filter>
    </ClInclude>
    <ClInclude Include="lib\wpiutil\wpi\timestamp.h">
      <Filter>Header Files</Filter>
    </ClInclude>
    <ClInclude Include="lib\wpiutil\wpi\type_traits.h">
      <Filter>Header Files</Filter>
    </ClInclude>
    <ClInclude Include="lib\wpiutil\wpi\UidVector.h">
      <Filter>Header Files</Filter>
    </ClInclude>
    <ClInclude Include="lib\wpiutil\wpi\VersionTuple.h">
      <Filter>Header Files</Filter>
    </ClInclude>
    <ClInclude Include="lib\wpiutil\wpi\WindowsError.h">
      <Filter>Header Files</Filter>
    </ClInclude>
    <ClInclude Include="lib\wpiutil\wpi\xxhash.h">
      <Filter>Header Files</Filter>
    </ClInclude>
    <ClInclude Include="src\nerds\network_table_utils.h">
      <Filter>Header Files</Filter>
    </ClInclude>
  </ItemGroup>
  <ItemGroup>
    <None Include="imgui.ini" />
    <None Include="ntcore.dll" />
    <None Include="wpimath.dll" />
    <None Include="wpinet.dll" />
    <None Include="wpiutil.dll" />
    <None Include="lib\ntcore\networktables\BooleanArrayTopic.inc">
      <Filter>Header Files</Filter>
    </None>
    <None Include="lib\ntcore\networktables\BooleanTopic.inc">
      <Filter>Header Files</Filter>
    </None>
    <None Include="lib\ntcore\networktables\DoubleArrayTopic.inc">
      <Filter>Header Files</Filter>
    </None>
    <None Include="lib\ntcore\networktables\DoubleTopic.inc">
      <Filter>Header Files</Filter>
    </None>
    <None Include="lib\ntcore\networktables\FloatArrayTopic.inc">
      <Filter>Header Files</Filter>
    </None>
    <None Include="lib\ntcore\networktables\FloatTopic.inc">
      <Filter>Header Files</Filter>
    </None>
    <None Include="lib\ntcore\networktables\GenericEntry.inc">
      <Filter>Header Files</Filter>
    </None>
    <None Include="lib\ntcore\networktables\IntegerArrayTopic.inc">
      <Filter>Header Files</Filter>
    </None>
    <None Include="lib\ntcore\networktables\IntegerTopic.inc">
      <Filter>Header Files</Filter>
    </None>
    <None Include="lib\ntcore\networktables\MultiSubscriber.inc">
      <Filter>Header Files</Filter>
    </None>
    <None Include="lib\ntcore\networktables\NetworkTableEntry.inc">
      <Filter>Header Files</Filter>
    </None>
    <None Include="lib\ntcore\networktables\NetworkTableInstance.inc">
      <Filter>Header Files</Filter>
    </None>
    <None Include="lib\ntcore\networktables\NetworkTableListener.inc">
      <Filter>Header Files</Filter>
    </None>
    <None Include="lib\ntcore\networktables\RawTopic.inc">
      <Filter>Header Files</Filter>
    </None>
    <None Include="lib\ntcore\networktables\StringArrayTopic.inc">
      <Filter>Header Files</Filter>
    </None>
    <None Include="lib\ntcore\networktables\StringTopic.inc">
      <Filter>Header Files</Filter>
    </None>
    <None Include="lib\ntcore\networktables\Topic.inc">
      <Filter>Header Files</Filter>
    </None>
    <None Include="lib\ntcore\networktables\UnitTopic.inc">
      <Filter>Header Files</Filter>
    </None>
    <None Include="lib\wpinet\wpinet\HttpUtil.inc">
      <Filter>Header Files</Filter>
    </None>
    <None Include="lib\wpinet\wpinet\HttpWebSocketServerConnection.inc">
      <Filter>Header Files</Filter>
    </None>
    <None Include="lib\wpiutil\google\protobuf\port_def.inc">
      <Filter>Header Files</Filter>
    </None>
    <None Include="lib\wpiutil\google\protobuf\port_undef.inc">
      <Filter>Header Files</Filter>
    </None>
    <None Include="lib\wpiutil\wpi\circular_buffer.inc">
      <Filter>Header Files</Filter>
    </None>
  </ItemGroup>
</Project>